
Microsoft Visual Studio Solution File, Format Version 12.00
# Visual Studio Version 17
VisualStudioVersion = 17.7.34202.233
MinimumVisualStudioVersion = 10.0.40219.1
Project("{FAE04EC0-301F-11D3-BF4B-00C04F79EFBC}") = "Pythagorean theorem", "Pythagorean theorem.csproj", "{FBC14A82-E89A-4FCB-B18A-AA4E8EE292D2}"
EndProject
Global
	GlobalSection(SolutionConfigurationPlatforms) = preSolution
		Debug|Any CPU = Debug|Any CPU
		Release|Any CPU = Release|Any CPU
	EndGlobalSection
	GlobalSection(ProjectConfigurationPlatforms) = postSolution
		{FBC14A82-E89A-4FCB-B18A-AA4E8EE292D2}.Debug|Any CPU.ActiveCfg = Debug|Any CPU
		{FBC14A82-E89A-4FCB-B18A-AA4E8EE292D2}.Debug|Any CPU.Build.0 = Debug|Any CPU
		{FBC14A82-E89A-4FCB-B18A-AA4E8EE292D2}.Release|Any CPU.ActiveCfg = Release|Any CPU
		{FBC14A82-E89A-4FCB-B18A-AA4E8EE292D2}.Release|Any CPU.Build.0 = Release|Any CPU
	EndGlobalSection
	GlobalSection(SolutionProperties) = preSolution
		HideSolutionNode = FALSE
	EndGlobalSection
	GlobalSection(ExtensibilityGlobals) = postSolution
		SolutionGuid = {9633E5C5-6BA7-44EE-BBC7-EB9BD28C228C}
	EndGlobalSection
EndGlobal
